Microsoft Visual Studio Solution File, Format Version 12.00
# Visual Studio Version 17
VisualStudioVersion = 17.5.2.0
MinimumVisualStudioVersion = 10.0.40219.1
Project("{FAE04EC0-301F-11D3-BF4B-00C04F79EFBC}") = "CSharpBackendAPITest", "CSharpBackendAPITest\CSharpBackendAPITest.csproj", "{8D42D40A-8FB4-C001-D054-699749A0F771}"
EndProject
Global
	GlobalSection(SolutionConfigurationPlatforms) = preSolution
		Debug|Any CPU = Debug|Any CPU
		Release|Any CPU = Release|Any CPU
	EndGlobalSection
	GlobalSection(ProjectConfigurationPlatforms) = postSolution
		{8D42D40A-8FB4-C001-D054-699749A0F771}.Debug|Any CPU.ActiveCfg = Debug|Any CPU
		{8D42D40A-8FB4-C001-D054-699749A0F771}.Debug|Any CPU.Build.0 = Debug|Any CPU
		{8D42D40A-8FB4-C001-D054-699749A0F771}.Release|Any CPU.ActiveCfg = Release|Any CPU
		{8D42D40A-8FB4-C001-D054-699749A0F771}.Release|Any CPU.Build.0 = Release|Any CPU
	EndGlobalSection
	GlobalSection(SolutionProperties) = preSolution
		HideSolutionNode = FALSE
	EndGlobalSection
	GlobalSection(ExtensibilityGlobals) = postSolution
		SolutionGuid = {775977F3-F924-4858-93E5-8E188867F90C}
	EndGlobalSection
EndGlobal
